
Microsoft Visual Studio Solution File, Format Version 12.00
# Visual Studio 2013
VisualStudioVersion = 12.0.30501.0
MinimumVisualStudioVersion = 10.0.40219.1
Project("{E24C65DC-7377-472B-9ABA-BC803B73C61A}") = "Triple-Clone(1)", "http://localhost:56402", "{0F5BEC70-228E-40EC-9B7B-419B7E1069F9}"
	ProjectSection(WebsiteProperties) = preProject
		UseIISExpress = "true"
		TargetFrameworkMoniker = ".NETFramework,Version%3Dv4.0"
		Debug.AspNetCompiler.VirtualPath = "/localhost_56402"
		Debug.AspNetCompiler.PhysicalPath = "..\..\Triple-Clone\"
		Debug.AspNetCompiler.TargetPath = "PrecompiledWeb\localhost_56402\"
		Debug.AspNetCompiler.Updateable = "true"
		Debug.AspNetCompiler.ForceOverwrite = "true"
		Debug.AspNetCompiler.FixedNames = "false"
		Debug.AspNetCompiler.Debug = "True"
		Release.AspNetCompiler.VirtualPath = "/localhost_56402"
		Release.AspNetCompiler.PhysicalPath = "..\..\Triple-Clone\"
		Release.AspNetCompiler.TargetPath = "PrecompiledWeb\localhost_56402\"
		Release.AspNetCompiler.Updateable = "true"
		Release.AspNetCompiler.ForceOverwrite = "true"
		Release.AspNetCompiler.FixedNames = "false"
		Release.AspNetCompiler.Debug = "False"
		SlnRelativePath = "..\..\Triple-Clone\"
	EndProjectSection
EndProject
Global
	GlobalSection(SolutionConfigurationPlatforms) = preSolution
		Debug|Any CPU = Debug|Any CPU
	EndGlobalSection
	GlobalSection(ProjectConfigurationPlatforms) = postSolution
		{0F5BEC70-228E-40EC-9B7B-419B7E1069F9}.Debug|Any CPU.ActiveCfg = Debug|Any CPU
		{0F5BEC70-228E-40EC-9B7B-419B7E1069F9}.Debug|Any CPU.Build.0 = Debug|Any CPU
	EndGlobalSection
	GlobalSection(SolutionProperties) = preSolution
		HideSolutionNode = FALSE
	EndGlobalSection
EndGlobal
